
Microsoft Visual Studio Solution File, Format Version 12.00
# Visual Studio Version 17
VisualStudioVersion = 17.2.32408.312
MinimumVisualStudioVersion = 10.0.40219.1
Project("{FAE04EC0-301F-11D3-BF4B-00C04F79EFBC}") = "HomeView", "..\HomeView\HomeView.csproj", "{23327363-E375-404F-A1FE-8F20EA9A95A7}"
EndProject
Global
	GlobalSection(SolutionConfigurationPlatforms) = preSolution
		Debug|Any CPU = Debug|Any CPU
		Release|Any CPU = Release|Any CPU
	EndGlobalSection
	GlobalSection(ProjectConfigurationPlatforms) = postSolution
		{23327363-E375-404F-A1FE-8F20EA9A95A7}.Debug|Any CPU.ActiveCfg = Debug|Any CPU
		{23327363-E375-404F-A1FE-8F20EA9A95A7}.Debug|Any CPU.Build.0 = Debug|Any CPU
		{23327363-E375-404F-A1FE-8F20EA9A95A7}.Release|Any CPU.ActiveCfg = Release|Any CPU
		{23327363-E375-404F-A1FE-8F20EA9A95A7}.Release|Any CPU.Build.0 = Release|Any CPU
	EndGlobalSection
	GlobalSection(SolutionProperties) = preSolution
		HideSolutionNode = FALSE
	EndGlobalSection
	GlobalSection(ExtensibilityGlobals) = postSolution
		SolutionGuid = {B84CE6AC-4A48-4681-8E69-BB8B16F6862F}
	EndGlobalSection
EndGlobal
