
Microsoft Visual Studio Solution File, Format Version 12.00
# Visual Studio Version 17
VisualStudioVersion = 17.0.31717.71
MinimumVisualStudioVersion = 10.0.40219.1
Project("{9A19103F-16F7-4668-BE54-9A1E7A4F7556}") = "HomeView", "HomeView.csproj", "{21F914C5-BFE7-4DE3-ACD7-1E9E80CB50B9}"
EndProject
Global
	GlobalSection(SolutionConfigurationPlatforms) = preSolution
		Debug|Any CPU = Debug|Any CPU
		Release|Any CPU = Release|Any CPU
	EndGlobalSection
	GlobalSection(ProjectConfigurationPlatforms) = postSolution
		{21F914C5-BFE7-4DE3-ACD7-1E9E80CB50B9}.Debug|Any CPU.ActiveCfg = Debug|Any CPU
		{21F914C5-BFE7-4DE3-ACD7-1E9E80CB50B9}.Debug|Any CPU.Build.0 = Debug|Any CPU
		{21F914C5-BFE7-4DE3-ACD7-1E9E80CB50B9}.Release|Any CPU.ActiveCfg = Release|Any CPU
		{21F914C5-BFE7-4DE3-ACD7-1E9E80CB50B9}.Release|Any CPU.Build.0 = Release|Any CPU
	EndGlobalSection
	GlobalSection(SolutionProperties) = preSolution
		HideSolutionNode = FALSE
	EndGlobalSection
	GlobalSection(ExtensibilityGlobals) = postSolution
		SolutionGuid = {9FB5F814-4B3A-44C3-8ADC-291B7C2C26CB}
	EndGlobalSection
EndGlobal